// !$*UTF8*$!
{
	archiveVersion = 1;
	classes = {
	};
	objectVersion = 55;
	objects = {

/* Begin PBXBuildFile section */
		4FA2106C2727EAC20095B750 /* Layouts.storyboard in Resources */ = {isa = PBXBuildFile; fileRef = 4FA2106B2727EAC20095B750 /* Layouts.storyboard */; };
		4FA2106E2727EB0B0095B750 /* LeftLayoutViewController.swift in Sources */ = {isa = PBXBuildFile; fileRef = 4FA2106D2727EB0B0095B750 /* LeftLayoutViewController.swift */; };
		4FA210702727EB1F0095B750 /* CenterLayoutViewController.swift in Sources */ = {isa = PBXBuildFile; fileRef = 4FA2106F2727EB1F0095B750 /* CenterLayoutViewController.swift */; };
		4FA210722727EB310095B750 /* RightLayoutViewController.swift in Sources */ = {isa = PBXBuildFile; fileRef = 4FA210712727EB310095B750 /* RightLayoutViewController.swift */; };
		4FA210742727EB440095B750 /* LeftLayoutViewModel.swift in Sources */ = {isa = PBXBuildFile; fileRef = 4FA210732727EB440095B750 /* LeftLayoutViewModel.swift */; };
		4FA210762727EB570095B750 /* CenterLayoutViewModel.swift in Sources */ = {isa = PBXBuildFile; fileRef = 4FA210752727EB570095B750 /* CenterLayoutViewModel.swift */; };
		4FA210782727EB680095B750 /* RightLayoutViewModel.swift in Sources */ = {isa = PBXBuildFile; fileRef = 4FA210772727EB680095B750 /* RightLayoutViewModel.swift */; };
		4FA2107B2727F3860095B750 /* UIViewController+Storyboard.swift in Sources */ = {isa = PBXBuildFile; fileRef = 4FA2107A2727F3860095B750 /* UIViewController+Storyboard.swift */; };
		4FA2107E272801400095B750 /* MainViewModel.swift in Sources */ = {isa = PBXBuildFile; fileRef = 4FA2107D272801400095B750 /* MainViewModel.swift */; };
		4FA2108327280C0B0095B750 /* LayoutViewModel.swift in Sources */ = {isa = PBXBuildFile; fileRef = 4FA2108227280C0B0095B750 /* LayoutViewModel.swift */; };
		4FA2108527281D290095B750 /* LayoutViewController.swift in Sources */ = {isa = PBXBuildFile; fileRef = 4FA2108427281D290095B750 /* LayoutViewController.swift */; };
		667DD99227216EE4006BEF79 /* AppDelegate.swift in Sources */ = {isa = PBXBuildFile; fileRef = 667DD99127216EE4006BEF79 /* AppDelegate.swift */; };
		667DD99427216EE4006BEF79 /* SceneDelegate.swift in Sources */ = {isa = PBXBuildFile; fileRef = 667DD99327216EE4006BEF79 /* SceneDelegate.swift */; };
		667DD99627216EE4006BEF79 /* ViewController.swift in Sources */ = {isa = PBXBuildFile; fileRef = 667DD99527216EE4006BEF79 /* ViewController.swift */; };
		667DD99927216EE4006BEF79 /* Main.storyboard in Resources */ = {isa = PBXBuildFile; fileRef = 667DD99727216EE4006BEF79 /* Main.storyboard */; };
		667DD99B27216EE6006BEF79 /* Assets.xcassets in Resources */ = {isa = PBXBuildFile; fileRef = 667DD99A27216EE6006BEF79 /* Assets.xcassets */; };
		667DD99E27216EE6006BEF79 /* LaunchScreen.storyboard in Resources */ = {isa = PBXBuildFile; fileRef = 667DD99C27216EE6006BEF79 /* LaunchScreen.storyboard */; };
		668BBC142726C45100D1DF33 /* Delm-Medium.otf in Resources */ = {isa = PBXBuildFile; fileRef = 668BBC132726C45100D1DF33 /* Delm-Medium.otf */; };
		668BBC162726C46100D1DF33 /* ThirstySoftRegular.otf in Resources */ = {isa = PBXBuildFile; fileRef = 668BBC152726C46100D1DF33 /* ThirstySoftRegular.otf */; };
		66BB5DF7272976A10048978D /* ViewModelManager.swift in Sources */ = {isa = PBXBuildFile; fileRef = 66BB5DF6272976A10048978D /* ViewModelManager.swift */; };
/* End PBXBuildFile section */

/* Begin PBXFileReference section */
		4FA2106B2727EAC20095B750 /* Layouts.storyboard */ = {isa = PBXFileReference; lastKnownFileType = file.storyboard; path = Layouts.storyboard; sourceTree = "<group>"; };
		4FA2106D2727EB0B0095B750 /* LeftLayoutViewController.swift */ = {isa = PBXFileReference; lastKnownFileType = sourcecode.swift; path = LeftLayoutViewController.swift; sourceTree = "<group>"; };
		4FA2106F2727EB1F0095B750 /* CenterLayoutViewController.swift */ = {isa = PBXFileReference; lastKnownFileType = sourcecode.swift; path = CenterLayoutViewController.swift; sourceTree = "<group>"; };
		4FA210712727EB310095B750 /* RightLayoutViewController.swift */ = {isa = PBXFileReference; lastKnownFileType = sourcecode.swift; path = RightLayoutViewController.swift; sourceTree = "<group>"; };
		4FA210732727EB440095B750 /* LeftLayoutViewModel.swift */ = {isa = PBXFileReference; lastKnownFileType = sourcecode.swift; path = LeftLayoutViewModel.swift; sourceTree = "<group>"; };
		4FA210752727EB570095B750 /* CenterLayoutViewModel.swift */ = {isa = PBXFileReference; lastKnownFileType = sourcecode.swift; path = CenterLayoutViewModel.swift; sourceTree = "<group>"; };
		4FA210772727EB680095B750 /* RightLayoutViewModel.swift */ = {isa = PBXFileReference; lastKnownFileType = sourcecode.swift; path = RightLayoutViewModel.swift; sourceTree = "<group>"; };
		4FA2107A2727F3860095B750 /* UIViewController+Storyboard.swift */ = {isa = PBXFileReference; lastKnownFileType = sourcecode.swift; path = "UIViewController+Storyboard.swift"; sourceTree = "<group>"; };
		4FA2107D272801400095B750 /* MainViewModel.swift */ = {isa = PBXFileReference; lastKnownFileType = sourcecode.swift; path = MainViewModel.swift; sourceTree = "<group>"; };
		4FA2108227280C0B0095B750 /* LayoutViewModel.swift */ = {isa = PBXFileReference; lastKnownFileType = sourcecode.swift; path = LayoutViewModel.swift; sourceTree = "<group>"; };
		4FA2108427281D290095B750 /* LayoutViewController.swift */ = {isa = PBXFileReference; lastKnownFileType = sourcecode.swift; path = LayoutViewController.swift; sourceTree = "<group>"; };
		667DD98E27216EE4006BEF79 /* Instagrid.app */ = {isa = PBXFileReference; explicitFileType = wrapper.application; includeInIndex = 0; path = Instagrid.app; sourceTree = BUILT_PRODUCTS_DIR; };
		667DD99127216EE4006BEF79 /* AppDelegate.swift */ = {isa = PBXFileReference; lastKnownFileType = sourcecode.swift; path = AppDelegate.swift; sourceTree = "<group>"; };
		667DD99327216EE4006BEF79 /* SceneDelegate.swift */ = {isa = PBXFileReference; lastKnownFileType = sourcecode.swift; path = SceneDelegate.swift; sourceTree = "<group>"; };
		667DD99527216EE4006BEF79 /* ViewController.swift */ = {isa = PBXFileReference; lastKnownFileType = sourcecode.swift; path = ViewController.swift; sourceTree = "<group>"; };
		667DD99827216EE4006BEF79 /* Base */ = {isa = PBXFileReference; lastKnownFileType = file.storyboard; name = Base; path = Base.lproj/Main.storyboard; sourceTree = "<group>"; };
		667DD99A27216EE6006BEF79 /* Assets.xcassets */ = {isa = PBXFileReference; lastKnownFileType = folder.assetcatalog; path = Assets.xcassets; sourceTree = "<group>"; };
		667DD99D27216EE6006BEF79 /* Base */ = {isa = PBXFileReference; lastKnownFileType = file.storyboard; name = Base; path = Base.lproj/LaunchScreen.storyboard; sourceTree = "<group>"; };
		667DD99F27216EE6006BEF79 /* Info.plist */ = {isa = PBXFileReference; lastKnownFileType = text.plist.xml; path = Info.plist; sourceTree = "<group>"; };
		668BBC132726C45100D1DF33 /* Delm-Medium.otf */ = {isa = PBXFileReference; lastKnownFileType = file; path = "Delm-Medium.otf"; sourceTree = "<group>"; };
		668BBC152726C46100D1DF33 /* ThirstySoftRegular.otf */ = {isa = PBXFileReference; lastKnownFileType = file; path = ThirstySoftRegular.otf; sourceTree = "<group>"; };
		66BB5DF6272976A10048978D /* ViewModelManager.swift */ = {isa = PBXFileReference; lastKnownFileType = sourcecode.swift; path = ViewModelManager.swift; sourceTree = "<group>"; };
/* End PBXFileReference section */

/* Begin PBXFrameworksBuildPhase section */
		667DD98B27216EE4006BEF79 /* Frameworks */ = {
			isa = PBXFrameworksBuildPhase;
			buildActionMask = 2147483647;
			files = (
			);
			runOnlyForDeploymentPostprocessing = 0;
		};
/* End PBXFrameworksBuildPhase section */

/* Begin PBXGroup section */
		4FA210672727EA580095B750 /* Dispositions */ = {
			isa = PBXGroup;
			children = (
				4FA210682727EA810095B750 /* Layouts */,
			);
			path = Dispositions;
			sourceTree = "<group>";
		};
		4FA210682727EA810095B750 /* Layouts */ = {
			isa = PBXGroup;
			children = (
				4FA2106B2727EAC20095B750 /* Layouts.storyboard */,
				4FA2107F272805C30095B750 /* Left */,
				4FA21080272805FA0095B750 /* Center */,
				4FA21081272806030095B750 /* Right */,
				4FA2108227280C0B0095B750 /* LayoutViewModel.swift */,
				4FA2108427281D290095B750 /* LayoutViewController.swift */,
			);
			path = Layouts;
			sourceTree = "<group>";
		};
		4FA210792727F3420095B750 /* Extensions */ = {
			isa = PBXGroup;
			children = (
				4FA2107A2727F3860095B750 /* UIViewController+Storyboard.swift */,
			);
			path = Extensions;
			sourceTree = "<group>";
		};
		4FA2107C2728011C0095B750 /* Main */ = {
			isa = PBXGroup;
			children = (
				667DD99727216EE4006BEF79 /* Main.storyboard */,
				667DD99527216EE4006BEF79 /* ViewController.swift */,
				4FA2107D272801400095B750 /* MainViewModel.swift */,
			);
			path = Main;
			sourceTree = "<group>";
		};
		4FA2107F272805C30095B750 /* Left */ = {
			isa = PBXGroup;
			children = (
				4FA2106D2727EB0B0095B750 /* LeftLayoutViewController.swift */,
				4FA210732727EB440095B750 /* LeftLayoutViewModel.swift */,
			);
			path = Left;
			sourceTree = "<group>";
		};
		4FA21080272805FA0095B750 /* Center */ = {
			isa = PBXGroup;
			children = (
				4FA2106F2727EB1F0095B750 /* CenterLayoutViewController.swift */,
				4FA210752727EB570095B750 /* CenterLayoutViewModel.swift */,
			);
			path = Center;
			sourceTree = "<group>";
		};
		4FA21081272806030095B750 /* Right */ = {
			isa = PBXGroup;
			children = (
				4FA210712727EB310095B750 /* RightLayoutViewController.swift */,
				4FA210772727EB680095B750 /* RightLayoutViewModel.swift */,
			);
			path = Right;
			sourceTree = "<group>";
		};
		4FAAE692272404BA0055EBC8 /* Fonts */ = {
			isa = PBXGroup;
			children = (
				668BBC152726C46100D1DF33 /* ThirstySoftRegular.otf */,
				668BBC132726C45100D1DF33 /* Delm-Medium.otf */,
			);
			path = Fonts;
			sourceTree = "<group>";
		};
		667DD98527216EE4006BEF79 = {
			isa = PBXGroup;
			children = (
				667DD99027216EE4006BEF79 /* Instagrid */,
				667DD98F27216EE4006BEF79 /* Products */,
			);
			sourceTree = "<group>";
		};
		667DD98F27216EE4006BEF79 /* Products */ = {
			isa = PBXGroup;
			children = (
				667DD98E27216EE4006BEF79 /* Instagrid.app */,
			);
			name = Products;
			sourceTree = "<group>";
		};
		667DD99027216EE4006BEF79 /* Instagrid */ = {
			isa = PBXGroup;
			children = (
				66BB5DF5272976820048978D /* Manager */,
				4FA2107C2728011C0095B750 /* Main */,
				4FA210792727F3420095B750 /* Extensions */,
				4FA210672727EA580095B750 /* Dispositions */,
				667DD99127216EE4006BEF79 /* AppDelegate.swift */,
				667DD99327216EE4006BEF79 /* SceneDelegate.swift */,
				667DD99A27216EE6006BEF79 /* Assets.xcassets */,
				667DD99C27216EE6006BEF79 /* LaunchScreen.storyboard */,
				667DD99F27216EE6006BEF79 /* Info.plist */,
				4FAAE692272404BA0055EBC8 /* Fonts */,
			);
			path = Instagrid;
			sourceTree = "<group>";
		};
		66BB5DF5272976820048978D /* Manager */ = {
			isa = PBXGroup;
			children = (
				66BB5DF6272976A10048978D /* ViewModelManager.swift */,
			);
			path = Manager;
			sourceTree = "<group>";
		};
/* End PBXGroup section */

/* Begin PBXNativeTarget section */
		667DD98D27216EE4006BEF79 /* Instagrid */ = {
			isa = PBXNativeTarget;
			buildConfigurationList = 667DD9A227216EE6006BEF79 /* Build configuration list for PBXNativeTarget "Instagrid" */;
			buildPhases = (
				667DD98A27216EE4006BEF79 /* Sources */,
				667DD98B27216EE4006BEF79 /* Frameworks */,
				667DD98C27216EE4006BEF79 /* Resources */,
			);
			buildRules = (
			);
			dependencies = (
			);
			name = Instagrid;
			productName = Instagrid;
			productReference = 667DD98E27216EE4006BEF79 /* Instagrid.app */;
			productType = "com.apple.product-type.application";
		};
/* End PBXNativeTarget section */

/* Begin PBXProject section */
		667DD98627216EE4006BEF79 /* Project object */ = {
			isa = PBXProject;
			attributes = {
				BuildIndependentTargetsInParallel = 1;
				LastSwiftUpdateCheck = 1300;
				LastUpgradeCheck = 1300;
				TargetAttributes = {
					667DD98D27216EE4006BEF79 = {
						CreatedOnToolsVersion = 13.0;
					};
				};
			};
			buildConfigurationList = 667DD98927216EE4006BEF79 /* Build configuration list for PBXProject "Instagrid" */;
			compatibilityVersion = "Xcode 13.0";
			developmentRegion = en;
			hasScannedForEncodings = 0;
			knownRegions = (
				en,
				Base,
			);
			mainGroup = 667DD98527216EE4006BEF79;
			productRefGroup = 667DD98F27216EE4006BEF79 /* Products */;
			projectDirPath = "";
			projectRoot = "";
			targets = (
				667DD98D27216EE4006BEF79 /* Instagrid */,
			);
		};
/* End PBXProject section */

/* Begin PBXResourcesBuildPhase section */
		667DD98C27216EE4006BEF79 /* Resources */ = {
			isa = PBXResourcesBuildPhase;
			buildActionMask = 2147483647;
			files = (
				668BBC162726C46100D1DF33 /* ThirstySoftRegular.otf in Resources */,
				668BBC142726C45100D1DF33 /* Delm-Medium.otf in Resources */,
				4FA2106C2727EAC20095B750 /* Layouts.storyboard in Resources */,
				667DD99E27216EE6006BEF79 /* LaunchScreen.storyboard in Resources */,
				667DD99B27216EE6006BEF79 /* Assets.xcassets in Resources */,
				667DD99927216EE4006BEF79 /* Main.storyboard in Resources */,
			);
			runOnlyForDeploymentPostprocessing = 0;
		};
/* End PBXResourcesBuildPhase section */

/* Begin PBXSourcesBuildPhase section */
		667DD98A27216EE4006BEF79 /* Sources */ = {
			isa = PBXSourcesBuildPhase;
			buildActionMask = 2147483647;
			files = (
				667DD99627216EE4006BEF79 /* ViewController.swift in Sources */,
				4FA2107E272801400095B750 /* MainViewModel.swift in Sources */,
				66BB5DF7272976A10048978D /* ViewModelManager.swift in Sources */,
				4FA210782727EB680095B750 /* RightLayoutViewModel.swift in Sources */,
				4FA210762727EB570095B750 /* CenterLayoutViewModel.swift in Sources */,
				4FA210722727EB310095B750 /* RightLayoutViewController.swift in Sources */,
				4FA2108527281D290095B750 /* LayoutViewController.swift in Sources */,
				4FA2106E2727EB0B0095B750 /* LeftLayoutViewController.swift in Sources */,
				4FA2108327280C0B0095B750 /* LayoutViewModel.swift in Sources */,
				4FA2107B2727F3860095B750 /* UIViewController+Storyboard.swift in Sources */,
				4FA210702727EB1F0095B750 /* CenterLayoutViewController.swift in Sources */,
				667DD99227216EE4006BEF79 /* AppDelegate.swift in Sources */,
				667DD99427216EE4006BEF79 /* SceneDelegate.swift in Sources */,
				4FA210742727EB440095B750 /* LeftLayoutViewModel.swift in Sources */,
			);
			runOnlyForDeploymentPostprocessing = 0;
		};
/* End PBXSourcesBuildPhase section */

/* Begin PBXVariantGroup section */
		667DD99727216EE4006BEF79 /* Main.storyboard */ = {
			isa = PBXVariantGroup;
			children = (
				667DD99827216EE4006BEF79 /* Base */,
			);
			name = Main.storyboard;
			sourceTree = "<group>";
		};
		667DD99C27216EE6006BEF79 /* LaunchScreen.storyboard */ = {
			isa = PBXVariantGroup;
			children = (
				667DD99D27216EE6006BEF79 /* Base */,
			);
			name = LaunchScreen.storyboard;
			sourceTree = "<group>";
		};
/* End PBXVariantGroup section */

/* Begin XCBuildConfiguration section */
		667DD9A027216EE6006BEF79 /* Debug */ = {
			isa = XCBuildConfiguration;
			buildSettings = {
				ALWAYS_SEARCH_USER_PATHS = NO;
				CLANG_ANALYZER_NONNULL = YES;
				CLANG_ANALYZER_NUMBER_OBJECT_CONVERSION = YES_AGGRESSIVE;
				CLANG_CXX_LANGUAGE_STANDARD = "gnu++17";
				CLANG_CXX_LIBRARY = "libc++";
				CLANG_ENABLE_MODULES = YES;
				CLANG_ENABLE_OBJC_ARC = YES;
				CLANG_ENABLE_OBJC_WEAK = YES;
				CLANG_WARN_BLOCK_CAPTURE_AUTORELEASING = YES;
				CLANG_WARN_BOOL_CONVERSION = YES;
				CLANG_WARN_COMMA = YES;
				CLANG_WARN_CONSTANT_CONVERSION = YES;
				CLANG_WARN_DEPRECATED_OBJC_IMPLEMENTATIONS = YES;
				CLANG_WARN_DIRECT_OBJC_ISA_USAGE = YES_ERROR;
				CLANG_WARN_DOCUMENTATION_COMMENTS = YES;
				CLANG_WARN_EMPTY_BODY = YES;
				CLANG_WARN_ENUM_CONVERSION = YES;
				CLANG_WARN_INFINITE_RECURSION = YES;
				CLANG_WARN_INT_CONVERSION = YES;
				CLANG_WARN_NON_LITERAL_NULL_CONVERSION = YES;
				CLANG_WARN_OBJC_IMPLICIT_RETAIN_SELF = YES;
				CLANG_WARN_OBJC_LITERAL_CONVERSION = YES;
				CLANG_WARN_OBJC_ROOT_CLASS = YES_ERROR;
				CLANG_WARN_QUOTED_INCLUDE_IN_FRAMEWORK_HEADER = YES;
				CLANG_WARN_RANGE_LOOP_ANALYSIS = YES;
				CLANG_WARN_STRICT_PROTOTYPES = YES;
				CLANG_WARN_SUSPICIOUS_MOVE = YES;
				CLANG_WARN_UNGUARDED_AVAILABILITY = YES_AGGRESSIVE;
				CLANG_WARN_UNREACHABLE_CODE = YES;
				CLANG_WARN__DUPLICATE_METHOD_MATCH = YES;
				COPY_PHASE_STRIP = NO;
				DEBUG_INFORMATION_FORMAT = dwarf;
				ENABLE_STRICT_OBJC_MSGSEND = YES;
				ENABLE_TESTABILITY = YES;
				GCC_C_LANGUAGE_STANDARD = gnu11;
				GCC_DYNAMIC_NO_PIC = NO;
				GCC_NO_COMMON_BLOCKS = YES;
				GCC_OPTIMIZATION_LEVEL = 0;
				GCC_PREPROCESSOR_DEFINITIONS = (
					"DEBUG=1",
					"$(inherited)",
				);
				GCC_WARN_64_TO_32_BIT_CONVERSION = YES;
				GCC_WARN_ABOUT_RETURN_TYPE = YES_ERROR;
				GCC_WARN_UNDECLARED_SELECTOR = YES;
				GCC_WARN_UNINITIALIZED_AUTOS = YES_AGGRESSIVE;
				GCC_WARN_UNUSED_FUNCTION = YES;
				GCC_WARN_UNUSED_VARIABLE = YES;
				IPHONEOS_DEPLOYMENT_TARGET = 15.0;
				MTL_ENABLE_DEBUG_INFO = INCLUDE_SOURCE;
				MTL_FAST_MATH = YES;
				ONLY_ACTIVE_ARCH = YES;
				SDKROOT = iphoneos;
				SWIFT_ACTIVE_COMPILATION_CONDITIONS = DEBUG;
				SWIFT_OPTIMIZATION_LEVEL = "-Onone";
			};
			name = Debug;
		};
		667DD9A127216EE6006BEF79 /* Release */ = {
			isa = XCBuildConfiguration;
			buildSettings = {
				ALWAYS_SEARCH_USER_PATHS = NO;
				CLANG_ANALYZER_NONNULL = YES;
				CLANG_ANALYZER_NUMBER_OBJECT_CONVERSION = YES_AGGRESSIVE;
				CLANG_CXX_LANGUAGE_STANDARD = "gnu++17";
				CLANG_CXX_LIBRARY = "libc++";
				CLANG_ENABLE_MODULES = YES;
				CLANG_ENABLE_OBJC_ARC = YES;
				CLANG_ENABLE_OBJC_WEAK = YES;
				CLANG_WARN_BLOCK_CAPTURE_AUTORELEASING = YES;
				CLANG_WARN_BOOL_CONVERSION = YES;
				CLANG_WARN_COMMA = YES;
				CLANG_WARN_CONSTANT_CONVERSION = YES;
				CLANG_WARN_DEPRECATED_OBJC_IMPLEMENTATIONS = YES;
				CLANG_WARN_DIRECT_OBJC_ISA_USAGE = YES_ERROR;
				CLANG_WARN_DOCUMENTATION_COMMENTS = YES;
				CLANG_WARN_EMPTY_BODY = YES;
				CLANG_WARN_ENUM_CONVERSION = YES;
				CLANG_WARN_INFINITE_RECURSION = YES;
				CLANG_WARN_INT_CONVERSION = YES;
				CLANG_WARN_NON_LITERAL_NULL_CONVERSION = YES;
				CLANG_WARN_OBJC_IMPLICIT_RETAIN_SELF = YES;
				CLANG_WARN_OBJC_LITERAL_CONVERSION = YES;
				CLANG_WARN_OBJC_ROOT_CLASS = YES_ERROR;
				CLANG_WARN_QUOTED_INCLUDE_IN_FRAMEWORK_HEADER = YES;
				CLANG_WARN_RANGE_LOOP_ANALYSIS = YES;
				CLANG_WARN_STRICT_PROTOTYPES = YES;
				CLANG_WARN_SUSPICIOUS_MOVE = YES;
				CLANG_WARN_UNGUARDED_AVAILABILITY = YES_AGGRESSIVE;
				CLANG_WARN_UNREACHABLE_CODE = YES;
				CLANG_WARN__DUPLICATE_METHOD_MATCH = YES;
				COPY_PHASE_STRIP = NO;
				DEBUG_INFORMATION_FORMAT = "dwarf-with-dsym";
				ENABLE_NS_ASSERTIONS = NO;
				ENABLE_STRICT_OBJC_MSGSEND = YES;
				GCC_C_LANGUAGE_STANDARD = gnu11;
				GCC_NO_COMMON_BLOCKS = YES;
				GCC_WARN_64_TO_32_BIT_CONVERSION = YES;
				GCC_WARN_ABOUT_RETURN_TYPE = YES_ERROR;
				GCC_WARN_UNDECLARED_SELECTOR = YES;
				GCC_WARN_UNINITIALIZED_AUTOS = YES_AGGRESSIVE;
				GCC_WARN_UNUSED_FUNCTION = YES;
				GCC_WARN_UNUSED_VARIABLE = YES;
				IPHONEOS_DEPLOYMENT_TARGET = 15.0;
				MTL_ENABLE_DEBUG_INFO = NO;
				MTL_FAST_MATH = YES;
				SDKROOT = iphoneos;
				SWIFT_COMPILATION_MODE = wholemodule;
				SWIFT_OPTIMIZATION_LEVEL = "-O";
				VALIDATE_PRODUCT = YES;
			};
			name = Release;
		};
		667DD9A327216EE6006BEF79 /* Debug */ = {
			isa = XCBuildConfiguration;
			buildSettings = {
				ASSETCATALOG_COMPILER_APPICON_NAME = AppIcon;
				ASSETCATALOG_COMPILER_GLOBAL_ACCENT_COLOR_NAME = AccentColor;
				CODE_SIGN_STYLE = Automatic;
				CURRENT_PROJECT_VERSION = 1;
				DEVELOPMENT_TEAM = 3JWQB2GF6V;
				GENERATE_INFOPLIST_FILE = YES;
				INFOPLIST_FILE = Instagrid/Info.plist;
				INFOPLIST_KEY_UIApplicationSupportsIndirectInputEvents = YES;
				INFOPLIST_KEY_UILaunchStoryboardName = LaunchScreen;
				INFOPLIST_KEY_UIMainStoryboardFile = Main;
				INFOPLIST_KEY_UISupportedInterfaceOrientations_iPad = "UIInterfaceOrientationPortrait UIInterfaceOrientationPortraitUpsideDown UIInterfaceOrientationLandscapeLeft UIInterfaceOrientationLandscapeRight";
				INFOPLIST_KEY_UISupportedInterfaceOrientations_iPhone = "UIInterfaceOrientationPortrait UIInterfaceOrientationLandscapeLeft UIInterfaceOrientationLandscapeRight";
				LD_RUNPATH_SEARCH_PATHS = (
					"$(inherited)",
					"@executable_path/Frameworks",
				);
				MARKETING_VERSION = 1.0;
				PRODUCT_BUNDLE_IDENTIFIER = p5.qbeaudoul.Instagrid;
				PRODUCT_NAME = "$(TARGET_NAME)";
				SWIFT_EMIT_LOC_STRINGS = YES;
				SWIFT_VERSION = 5.0;
				TARGETED_DEVICE_FAMILY = 1;
			};
			name = Debug;
		};
		667DD9A427216EE6006BEF79 /* Release */ = {
			isa = XCBuildConfiguration;
			buildSettings = {
				ASSETCATALOG_COMPILER_APPICON_NAME = AppIcon;
				ASSETCATALOG_COMPILER_GLOBAL_ACCENT_COLOR_NAME = AccentColor;
				CODE_SIGN_STYLE = Automatic;
				CURRENT_PROJECT_VERSION = 1;
				DEVELOPMENT_TEAM = 3JWQB2GF6V;
				GENERATE_INFOPLIST_FILE = YES;
				INFOPLIST_FILE = Instagrid/Info.plist;
				INFOPLIST_KEY_UIApplicationSupportsIndirectInputEvents = YES;
				INFOPLIST_KEY_UILaunchStoryboardName = LaunchScreen;
				INFOPLIST_KEY_UIMainStoryboardFile = Main;
				INFOPLIST_KEY_UISupportedInterfaceOrientations_iPad = "UIInterfaceOrientationPortrait UIInterfaceOrientationPortraitUpsideDown UIInterfaceOrientationLandscapeLeft UIInterfaceOrientationLandscapeRight";
				INFOPLIST_KEY_UISupportedInterfaceOrientations_iPhone = "UIInterfaceOrientationPortrait UIInterfaceOrientationLandscapeLeft UIInterfaceOrientationLandscapeRight";
				LD_RUNPATH_SEARCH_PATHS = (
					"$(inherited)",
					"@executable_path/Frameworks",
				);
				MARKETING_VERSION = 1.0;
				PRODUCT_BUNDLE_IDENTIFIER = p5.qbeaudoul.Instagrid;
				PRODUCT_NAME = "$(TARGET_NAME)";
				SWIFT_EMIT_LOC_STRINGS = YES;
				SWIFT_VERSION = 5.0;
				TARGETED_DEVICE_FAMILY = 1;
			};
			name = Release;
		};
/* End XCBuildConfiguration section */

/* Begin XCConfigurationList section */
		667DD98927216EE4006BEF79 /* Build configuration list for PBXProject "Instagrid" */ = {
			isa = XCConfigurationList;
			buildConfigurations = (
				667DD9A027216EE6006BEF79 /* Debug */,
				667DD9A127216EE6006BEF79 /* Release */,
			);
			defaultConfigurationIsVisible = 0;
			defaultConfigurationName = Release;
		};
		667DD9A227216EE6006BEF79 /* Build configuration list for PBXNativeTarget "Instagrid" */ = {
			isa = XCConfigurationList;
			buildConfigurations = (
				667DD9A327216EE6006BEF79 /* Debug */,
				667DD9A427216EE6006BEF79 /* Release */,
			);
			defaultConfigurationIsVisible = 0;
			defaultConfigurationName = Release;
		};
/* End XCConfigurationList section */
	};
	rootObject = 667DD98627216EE4006BEF79 /* Project object */;
}
